// !$*UTF8*$!
{
	archiveVersion = 1;
	classes = {
	};
	objectVersion = 55;
	objects = {

/* Begin PBXBuildFile section */
		F12E5BDD27E7AD4B00059C94 /* Realm in Frameworks */ = {isa = PBXBuildFile; productRef = F12E5BDC27E7AD4B00059C94 /* Realm */; };
		F12E5BDF27E7AD4B00059C94 /* RealmSwift in Frameworks */ = {isa = PBXBuildFile; productRef = F12E5BDE27E7AD4B00059C94 /* RealmSwift */; };
		F15B399027DD0C61005394C0 /* Task.swift in Sources */ = {isa = PBXBuildFile; fileRef = F15B398F27DD0C61005394C0 /* Task.swift */; };
		F15B399227DD0F00005394C0 /* TaskViewModel.swift in Sources */ = {isa = PBXBuildFile; fileRef = F15B399127DD0F00005394C0 /* TaskViewModel.swift */; };
		F15B399427DD2F39005394C0 /* UpdateTaskView.swift in Sources */ = {isa = PBXBuildFile; fileRef = F15B399327DD2F39005394C0 /* UpdateTaskView.swift */; };
		F16FC21227DBE8A600543EB9 /* TaskMaApp.swift in Sources */ = {isa = PBXBuildFile; fileRef = F16FC21127DBE8A600543EB9 /* TaskMaApp.swift */; };
		F16FC21427DBE8A600543EB9 /* ContentView.swift in Sources */ = {isa = PBXBuildFile; fileRef = F16FC21327DBE8A600543EB9 /* ContentView.swift */; };
		F16FC21627DBE8A700543EB9 /* Assets.xcassets in Resources */ = {isa = PBXBuildFile; fileRef = F16FC21527DBE8A700543EB9 /* Assets.xcassets */; };
		F16FC21927DBE8A700543EB9 /* Preview Assets.xcassets in Resources */ = {isa = PBXBuildFile; fileRef = F16FC21827DBE8A700543EB9 /* Preview Assets.xcassets */; };
		F16FC22027DBE8FB00543EB9 /* CreateTask.swift in Sources */ = {isa = PBXBuildFile; fileRef = F16FC21F27DBE8FB00543EB9 /* CreateTask.swift */; };
		F16FC22227DBEABB00543EB9 /* MyTaskView.swift in Sources */ = {isa = PBXBuildFile; fileRef = F16FC22127DBEABB00543EB9 /* MyTaskView.swift */; };
		F16FC22427DC05D400543EB9 /* TaskView.swift in Sources */ = {isa = PBXBuildFile; fileRef = F16FC22327DC05D400543EB9 /* TaskView.swift */; };
/* End PBXBuildFile section */

/* Begin PBXFileReference section */
		F15B398F27DD0C61005394C0 /* Task.swift */ = {isa = PBXFileReference; lastKnownFileType = sourcecode.swift; path = Task.swift; sourceTree = "<group>"; };
		F15B399127DD0F00005394C0 /* TaskViewModel.swift */ = {isa = PBXFileReference; lastKnownFileType = sourcecode.swift; path = TaskViewModel.swift; sourceTree = "<group>"; };
		F15B399327DD2F39005394C0 /* UpdateTaskView.swift */ = {isa = PBXFileReference; lastKnownFileType = sourcecode.swift; path = UpdateTaskView.swift; sourceTree = "<group>"; };
		F16FC20E27DBE8A600543EB9 /* TaskMa.app */ = {isa = PBXFileReference; explicitFileType = wrapper.application; includeInIndex = 0; path = TaskMa.app; sourceTree = BUILT_PRODUCTS_DIR; };
		F16FC21127DBE8A600543EB9 /* TaskMaApp.swift */ = {isa = PBXFileReference; lastKnownFileType = sourcecode.swift; path = TaskMaApp.swift; sourceTree = "<group>"; };
		F16FC21327DBE8A600543EB9 /* ContentView.swift */ = {isa = PBXFileReference; lastKnownFileType = sourcecode.swift; path = ContentView.swift; sourceTree = "<group>"; };
		F16FC21527DBE8A700543EB9 /* Assets.xcassets */ = {isa = PBXFileReference; lastKnownFileType = folder.assetcatalog; path = Assets.xcassets; sourceTree = "<group>"; };
		F16FC21827DBE8A700543EB9 /* Preview Assets.xcassets */ = {isa = PBXFileReference; lastKnownFileType = folder.assetcatalog; path = "Preview Assets.xcassets"; sourceTree = "<group>"; };
		F16FC21F27DBE8FB00543EB9 /* CreateTask.swift */ = {isa = PBXFileReference; lastKnownFileType = sourcecode.swift; path = CreateTask.swift; sourceTree = "<group>"; };
		F16FC22127DBEABB00543EB9 /* MyTaskView.swift */ = {isa = PBXFileReference; lastKnownFileType = sourcecode.swift; path = MyTaskView.swift; sourceTree = "<group>"; };
		F16FC22327DC05D400543EB9 /* TaskView.swift */ = {isa = PBXFileReference; lastKnownFileType = sourcecode.swift; path = TaskView.swift; sourceTree = "<group>"; };
/* End PBXFileReference section */

/* Begin PBXFrameworksBuildPhase section */
		F16FC20B27DBE8A600543EB9 /* Frameworks */ = {
			isa = PBXFrameworksBuildPhase;
			buildActionMask = 2147483647;
			files = (
				F12E5BDF27E7AD4B00059C94 /* RealmSwift in Frameworks */,
				F12E5BDD27E7AD4B00059C94 /* Realm in Frameworks */,
			);
			runOnlyForDeploymentPostprocessing = 0;
		};
/* End PBXFrameworksBuildPhase section */

/* Begin PBXGroup section */
		F15B398C27DD0C38005394C0 /* Views */ = {
			isa = PBXGroup;
			children = (
				F16FC21F27DBE8FB00543EB9 /* CreateTask.swift */,
				F16FC21327DBE8A600543EB9 /* ContentView.swift */,
				F16FC22327DC05D400543EB9 /* TaskView.swift */,
				F16FC22127DBEABB00543EB9 /* MyTaskView.swift */,
				F15B399327DD2F39005394C0 /* UpdateTaskView.swift */,
			);
			path = Views;
			sourceTree = "<group>";
		};
		F15B398D27DD0C47005394C0 /* Model */ = {
			isa = PBXGroup;
			children = (
				F15B398F27DD0C61005394C0 /* Task.swift */,
			);
			path = Model;
			sourceTree = "<group>";
		};
		F15B398E27DD0C4C005394C0 /* ViewModel */ = {
			isa = PBXGroup;
			children = (
				F15B399127DD0F00005394C0 /* TaskViewModel.swift */,
			);
			path = ViewModel;
			sourceTree = "<group>";
		};
		F16FC20527DBE8A600543EB9 = {
			isa = PBXGroup;
			children = (
				F16FC21027DBE8A600543EB9 /* TaskMa */,
				F16FC20F27DBE8A600543EB9 /* Products */,
			);
			sourceTree = "<group>";
		};
		F16FC20F27DBE8A600543EB9 /* Products */ = {
			isa = PBXGroup;
			children = (
				F16FC20E27DBE8A600543EB9 /* TaskMa.app */,
			);
			name = Products;
			sourceTree = "<group>";
		};
		F16FC21027DBE8A600543EB9 /* TaskMa */ = {
			isa = PBXGroup;
			children = (
				F15B398D27DD0C47005394C0 /* Model */,
				F15B398C27DD0C38005394C0 /* Views */,
				F15B398E27DD0C4C005394C0 /* ViewModel */,
				F16FC21127DBE8A600543EB9 /* TaskMaApp.swift */,
				F16FC21527DBE8A700543EB9 /* Assets.xcassets */,
				F16FC21727DBE8A700543EB9 /* Preview Content */,
			);
			path = TaskMa;
			sourceTree = "<group>";
		};
		F16FC21727DBE8A700543EB9 /* Preview Content */ = {
			isa = PBXGroup;
			children = (
				F16FC21827DBE8A700543EB9 /* Preview Assets.xcassets */,
			);
			path = "Preview Content";
			sourceTree = "<group>";
		};
/* End PBXGroup section */

/* Begin PBXNativeTarget section */
		F16FC20D27DBE8A600543EB9 /* TaskMa */ = {
			isa = PBXNativeTarget;
			buildConfigurationList = F16FC21C27DBE8A700543EB9 /* Build configuration list for PBXNativeTarget "TaskMa" */;
			buildPhases = (
				F16FC20A27DBE8A600543EB9 /* Sources */,
				F16FC20B27DBE8A600543EB9 /* Frameworks */,
				F16FC20C27DBE8A600543EB9 /* Resources */,
			);
			buildRules = (
			);
			dependencies = (
			);
			name = TaskMa;
			packageProductDependencies = (
				F12E5BDC27E7AD4B00059C94 /* Realm */,
				F12E5BDE27E7AD4B00059C94 /* RealmSwift */,
			);
			productName = TaskMa;
			productReference = F16FC20E27DBE8A600543EB9 /* TaskMa.app */;
			productType = "com.apple.product-type.application";
		};
/* End PBXNativeTarget section */

/* Begin PBXProject section */
		F16FC20627DBE8A600543EB9 /* Project object */ = {
			isa = PBXProject;
			attributes = {
				BuildIndependentTargetsInParallel = 1;
				LastSwiftUpdateCheck = 1320;
				LastUpgradeCheck = 1320;
				TargetAttributes = {
					F16FC20D27DBE8A600543EB9 = {
						CreatedOnToolsVersion = 13.2.1;
					};
				};
			};
			buildConfigurationList = F16FC20927DBE8A600543EB9 /* Build configuration list for PBXProject "TaskMa" */;
			compatibilityVersion = "Xcode 13.0";
			developmentRegion = en;
			hasScannedForEncodings = 0;
			knownRegions = (
				en,
				Base,
			);
			mainGroup = F16FC20527DBE8A600543EB9;
			packageReferences = (
				F12E5BDB27E7AD4B00059C94 /* XCRemoteSwiftPackageReference "realm-swift" */,
			);
			productRefGroup = F16FC20F27DBE8A600543EB9 /* Products */;
			projectDirPath = "";
			projectRoot = "";
			targets = (
				F16FC20D27DBE8A600543EB9 /* TaskMa */,
			);
		};
/* End PBXProject section */

/* Begin PBXResourcesBuildPhase section */
		F16FC20C27DBE8A600543EB9 /* Resources */ = {
			isa = PBXResourcesBuildPhase;
			buildActionMask = 2147483647;
			files = (
				F16FC21927DBE8A700543EB9 /* Preview Assets.xcassets in Resources */,
				F16FC21627DBE8A700543EB9 /* Assets.xcassets in Resources */,
			);
			runOnlyForDeploymentPostprocessing = 0;
		};
/* End PBXResourcesBuildPhase section */

/* Begin PBXSourcesBuildPhase section */
		F16FC20A27DBE8A600543EB9 /* Sources */ = {
			isa = PBXSourcesBuildPhase;
			buildActionMask = 2147483647;
			files = (
				F15B399427DD2F39005394C0 /* UpdateTaskView.swift in Sources */,
				F16FC21427DBE8A600543EB9 /* ContentView.swift in Sources */,
				F15B399227DD0F00005394C0 /* TaskViewModel.swift in Sources */,
				F16FC22027DBE8FB00543EB9 /* CreateTask.swift in Sources */,
				F16FC21227DBE8A600543EB9 /* TaskMaApp.swift in Sources */,
				F16FC22427DC05D400543EB9 /* TaskView.swift in Sources */,
				F15B399027DD0C61005394C0 /* Task.swift in Sources */,
				F16FC22227DBEABB00543EB9 /* MyTaskView.swift in Sources */,
			);
			runOnlyForDeploymentPostprocessing = 0;
		};
/* End PBXSourcesBuildPhase section */

/* Begin XCBuildConfiguration section */
		F16FC21A27DBE8A700543EB9 /* Debug */ = {
			isa = XCBuildConfiguration;
			buildSettings = {
				ALWAYS_SEARCH_USER_PATHS = NO;
				CLANG_ANALYZER_NONNULL = YES;
				CLANG_ANALYZER_NUMBER_OBJECT_CONVERSION = YES_AGGRESSIVE;
				CLANG_CXX_LANGUAGE_STANDARD = "gnu++17";
				CLANG_CXX_LIBRARY = "libc++";
				CLANG_ENABLE_MODULES = YES;
				CLANG_ENABLE_OBJC_ARC = YES;
				CLANG_ENABLE_OBJC_WEAK = YES;
				CLANG_WARN_BLOCK_CAPTURE_AUTORELEASING = YES;
				CLANG_WARN_BOOL_CONVERSION = YES;
				CLANG_WARN_COMMA = YES;
				CLANG_WARN_CONSTANT_CONVERSION = YES;
				CLANG_WARN_DEPRECATED_OBJC_IMPLEMENTATIONS = YES;
				CLANG_WARN_DIRECT_OBJC_ISA_USAGE = YES_ERROR;
				CLANG_WARN_DOCUMENTATION_COMMENTS = YES;
				CLANG_WARN_EMPTY_BODY = YES;
				CLANG_WARN_ENUM_CONVERSION = YES;
				CLANG_WARN_INFINITE_RECURSION = YES;
				CLANG_WARN_INT_CONVERSION = YES;
				CLANG_WARN_NON_LITERAL_NULL_CONVERSION = YES;
				CLANG_WARN_OBJC_IMPLICIT_RETAIN_SELF = YES;
				CLANG_WARN_OBJC_LITERAL_CONVERSION = YES;
				CLANG_WARN_OBJC_ROOT_CLASS = YES_ERROR;
				CLANG_WARN_QUOTED_INCLUDE_IN_FRAMEWORK_HEADER = YES;
				CLANG_WARN_RANGE_LOOP_ANALYSIS = YES;
				CLANG_WARN_STRICT_PROTOTYPES = YES;
				CLANG_WARN_SUSPICIOUS_MOVE = YES;
				CLANG_WARN_UNGUARDED_AVAILABILITY = YES_AGGRESSIVE;
				CLANG_WARN_UNREACHABLE_CODE = YES;
				CLANG_WARN__DUPLICATE_METHOD_MATCH = YES;
				COPY_PHASE_STRIP = NO;
				DEBUG_INFORMATION_FORMAT = dwarf;
				ENABLE_STRICT_OBJC_MSGSEND = YES;
				ENABLE_TESTABILITY = YES;
				GCC_C_LANGUAGE_STANDARD = gnu11;
				GCC_DYNAMIC_NO_PIC = NO;
				GCC_NO_COMMON_BLOCKS = YES;
				GCC_OPTIMIZATION_LEVEL = 0;
				GCC_PREPROCESSOR_DEFINITIONS = (
					"DEBUG=1",
					"$(inherited)",
				);
				GCC_WARN_64_TO_32_BIT_CONVERSION = YES;
				GCC_WARN_ABOUT_RETURN_TYPE = YES_ERROR;
				GCC_WARN_UNDECLARED_SELECTOR = YES;
				GCC_WARN_UNINITIALIZED_AUTOS = YES_AGGRESSIVE;
				GCC_WARN_UNUSED_FUNCTION = YES;
				GCC_WARN_UNUSED_VARIABLE = YES;
				IPHONEOS_DEPLOYMENT_TARGET = 15.2;
				MTL_ENABLE_DEBUG_INFO = INCLUDE_SOURCE;
				MTL_FAST_MATH = YES;
				ONLY_ACTIVE_ARCH = YES;
				SDKROOT = iphoneos;
				SWIFT_ACTIVE_COMPILATION_CONDITIONS = DEBUG;
				SWIFT_OPTIMIZATION_LEVEL = "-Onone";
			};
			name = Debug;
		};
		F16FC21B27DBE8A700543EB9 /* Release */ = {
			isa = XCBuildConfiguration;
			buildSettings = {
				ALWAYS_SEARCH_USER_PATHS = NO;
				CLANG_ANALYZER_NONNULL = YES;
				CLANG_ANALYZER_NUMBER_OBJECT_CONVERSION = YES_AGGRESSIVE;
				CLANG_CXX_LANGUAGE_STANDARD = "gnu++17";
				CLANG_CXX_LIBRARY = "libc++";
				CLANG_ENABLE_MODULES = YES;
				CLANG_ENABLE_OBJC_ARC = YES;
				CLANG_ENABLE_OBJC_WEAK = YES;
				CLANG_WARN_BLOCK_CAPTURE_AUTORELEASING = YES;
				CLANG_WARN_BOOL_CONVERSION = YES;
				CLANG_WARN_COMMA = YES;
				CLANG_WARN_CONSTANT_CONVERSION = YES;
				CLANG_WARN_DEPRECATED_OBJC_IMPLEMENTATIONS = YES;
				CLANG_WARN_DIRECT_OBJC_ISA_USAGE = YES_ERROR;
				CLANG_WARN_DOCUMENTATION_COMMENTS = YES;
				CLANG_WARN_EMPTY_BODY = YES;
				CLANG_WARN_ENUM_CONVERSION = YES;
				CLANG_WARN_INFINITE_RECURSION = YES;
				CLANG_WARN_INT_CONVERSION = YES;
				CLANG_WARN_NON_LITERAL_NULL_CONVERSION = YES;
				CLANG_WARN_OBJC_IMPLICIT_RETAIN_SELF = YES;
				CLANG_WARN_OBJC_LITERAL_CONVERSION = YES;
				CLANG_WARN_OBJC_ROOT_CLASS = YES_ERROR;
				CLANG_WARN_QUOTED_INCLUDE_IN_FRAMEWORK_HEADER = YES;
				CLANG_WARN_RANGE_LOOP_ANALYSIS = YES;
				CLANG_WARN_STRICT_PROTOTYPES = YES;
				CLANG_WARN_SUSPICIOUS_MOVE = YES;
				CLANG_WARN_UNGUARDED_AVAILABILITY = YES_AGGRESSIVE;
				CLANG_WARN_UNREACHABLE_CODE = YES;
				CLANG_WARN__DUPLICATE_METHOD_MATCH = YES;
				COPY_PHASE_STRIP = NO;
				DEBUG_INFORMATION_FORMAT = "dwarf-with-dsym";
				ENABLE_NS_ASSERTIONS = NO;
				ENABLE_STRICT_OBJC_MSGSEND = YES;
				GCC_C_LANGUAGE_STANDARD = gnu11;
				GCC_NO_COMMON_BLOCKS = YES;
				GCC_WARN_64_TO_32_BIT_CONVERSION = YES;
				GCC_WARN_ABOUT_RETURN_TYPE = YES_ERROR;
				GCC_WARN_UNDECLARED_SELECTOR = YES;
				GCC_WARN_UNINITIALIZED_AUTOS = YES_AGGRESSIVE;
				GCC_WARN_UNUSED_FUNCTION = YES;
				GCC_WARN_UNUSED_VARIABLE = YES;
				IPHONEOS_DEPLOYMENT_TARGET = 15.2;
				MTL_ENABLE_DEBUG_INFO = NO;
				MTL_FAST_MATH = YES;
				SDKROOT = iphoneos;
				SWIFT_COMPILATION_MODE = wholemodule;
				SWIFT_OPTIMIZATION_LEVEL = "-O";
				VALIDATE_PRODUCT = YES;
			};
			name = Release;
		};
		F16FC21D27DBE8A700543EB9 /* Debug */ = {
			isa = XCBuildConfiguration;
			buildSettings = {
				ASSETCATALOG_COMPILER_APPICON_NAME = AppIcon;
				ASSETCATALOG_COMPILER_GLOBAL_ACCENT_COLOR_NAME = AccentColor;
				CODE_SIGN_STYLE = Automatic;
				CURRENT_PROJECT_VERSION = 1;
				DEVELOPMENT_ASSET_PATHS = "\"TaskMa/Preview Content\"";
				DEVELOPMENT_TEAM = R325UHD57A;
				ENABLE_PREVIEWS = YES;
				GENERATE_INFOPLIST_FILE = YES;
				INFOPLIST_KEY_UIApplicationSceneManifest_Generation = YES;
				INFOPLIST_KEY_UIApplicationSupportsIndirectInputEvents = YES;
				INFOPLIST_KEY_UILaunchScreen_Generation = YES;
				INFOPLIST_KEY_UISupportedInterfaceOrientations_iPad = "UIInterfaceOrientationPortrait UIInterfaceOrientationPortraitUpsideDown UIInterfaceOrientationLandscapeLeft UIInterfaceOrientationLandscapeRight";
				INFOPLIST_KEY_UISupportedInterfaceOrientations_iPhone = "UIInterfaceOrientationPortrait UIInterfaceOrientationLandscapeLeft UIInterfaceOrientationLandscapeRight";
				LD_RUNPATH_SEARCH_PATHS = (
					"$(inherited)",
					"@executable_path/Frameworks",
				);
				MARKETING_VERSION = 1.0;
				PRODUCT_BUNDLE_IDENTIFIER = com.bersyte.TaskMa;
				PRODUCT_NAME = "$(TARGET_NAME)";
				SWIFT_EMIT_LOC_STRINGS = YES;
				SWIFT_VERSION = 5.0;
				TARGETED_DEVICE_FAMILY = "1,2";
			};
			name = Debug;
		};
		F16FC21E27DBE8A700543EB9 /* Release */ = {
			isa = XCBuildConfiguration;
			buildSettings = {
				ASSETCATALOG_COMPILER_APPICON_NAME = AppIcon;
				ASSETCATALOG_COMPILER_GLOBAL_ACCENT_COLOR_NAME = AccentColor;
				CODE_SIGN_STYLE = Automatic;
				CURRENT_PROJECT_VERSION = 1;
				DEVELOPMENT_ASSET_PATHS = "\"TaskMa/Preview Content\"";
				DEVELOPMENT_TEAM = R325UHD57A;
				ENABLE_PREVIEWS = YES;
				GENERATE_INFOPLIST_FILE = YES;
				INFOPLIST_KEY_UIApplicationSceneManifest_Generation = YES;
				INFOPLIST_KEY_UIApplicationSupportsIndirectInputEvents = YES;
				INFOPLIST_KEY_UILaunchScreen_Generation = YES;
				INFOPLIST_KEY_UISupportedInterfaceOrientations_iPad = "UIInterfaceOrientationPortrait UIInterfaceOrientationPortraitUpsideDown UIInterfaceOrientationLandscapeLeft UIInterfaceOrientationLandscapeRight";
				INFOPLIST_KEY_UISupportedInterfaceOrientations_iPhone = "UIInterfaceOrientationPortrait UIInterfaceOrientationLandscapeLeft UIInterfaceOrientationLandscapeRight";
				LD_RUNPATH_SEARCH_PATHS = (
					"$(inherited)",
					"@executable_path/Frameworks",
				);
				MARKETING_VERSION = 1.0;
				PRODUCT_BUNDLE_IDENTIFIER = com.bersyte.TaskMa;
				PRODUCT_NAME = "$(TARGET_NAME)";
				SWIFT_EMIT_LOC_STRINGS = YES;
				SWIFT_VERSION = 5.0;
				TARGETED_DEVICE_FAMILY = "1,2";
			};
			name = Release;
		};
/* End XCBuildConfiguration section */

/* Begin XCConfigurationList section */
		F16FC20927DBE8A600543EB9 /* Build configuration list for PBXProject "TaskMa" */ = {
			isa = XCConfigurationList;
			buildConfigurations = (
				F16FC21A27DBE8A700543EB9 /* Debug */,
				F16FC21B27DBE8A700543EB9 /* Release */,
			);
			defaultConfigurationIsVisible = 0;
			defaultConfigurationName = Release;
		};
		F16FC21C27DBE8A700543EB9 /* Build configuration list for PBXNativeTarget "TaskMa" */ = {
			isa = XCConfigurationList;
			buildConfigurations = (
				F16FC21D27DBE8A700543EB9 /* Debug */,
				F16FC21E27DBE8A700543EB9 /* Release */,
			);
			defaultConfigurationIsVisible = 0;
			defaultConfigurationName = Release;
		};
/* End XCConfigurationList section */

/* Begin XCRemoteSwiftPackageReference section */
		F12E5BDB27E7AD4B00059C94 /* XCRemoteSwiftPackageReference "realm-swift" */ = {
			isa = XCRemoteSwiftPackageReference;
			repositoryURL = "https://github.com/realm/realm-swift.git";
			requirement = {
				kind = upToNextMajorVersion;
				minimumVersion = 10.24.0;
			};
		};
/* End XCRemoteSwiftPackageReference section */

/* Begin XCSwiftPackageProductDependency section */
		F12E5BDC27E7AD4B00059C94 /* Realm */ = {
			isa = XCSwiftPackageProductDependency;
			package = F12E5BDB27E7AD4B00059C94 /* XCRemoteSwiftPackageReference "realm-swift" */;
			productName = Realm;
		};
		F12E5BDE27E7AD4B00059C94 /* RealmSwift */ = {
			isa = XCSwiftPackageProductDependency;
			package = F12E5BDB27E7AD4B00059C94 /* XCRemoteSwiftPackageReference "realm-swift" */;
			productName = RealmSwift;
		};
/* End XCSwiftPackageProductDependency section */
	};
	rootObject = F16FC20627DBE8A600543EB9 /* Project object */;
}
